
Microsoft Visual Studio Solution File, Format Version 12.00
# Visual Studio Version 17
VisualStudioVersion = 17.7.34003.232
MinimumVisualStudioVersion = 10.0.40219.1
Project("{9A19103F-16F7-4668-BE54-9A1E7A4F7556}") = "ATSManagement", "ATSManagement\ATSManagement.csproj", "{BB922DFE-1B6B-4569-921C-40CCDEEFD334}"
EndProject
Project("{9A19103F-16F7-4668-BE54-9A1E7A4F7556}") = "ATSManagementExternal", "ATSManagementExternal\ATSManagementExternal.csproj", "{6C2D3EB1-F085-4104-A619-FDC3DC4C7A2C}"
EndProject
Global
	GlobalSection(SolutionConfigurationPlatforms) = preSolution
		Debug|Any CPU = Debug|Any CPU
		Debug|ARM = Debug|ARM
		Debug|iPhone = Debug|iPhone
		Debug|iPhoneSimulator = Debug|iPhoneSimulator
		Debug|x64 = Debug|x64
		Debug|x86 = Debug|x86
		Release|Any CPU = Release|Any CPU
		Release|ARM = Release|ARM
		Release|iPhone = Release|iPhone
		Release|iPhoneSimulator = Release|iPhoneSimulator
		Release|x64 = Release|x64
		Release|x86 = Release|x86
	EndGlobalSection
	GlobalSection(ProjectConfigurationPlatforms) = postSolution
		{BB922DFE-1B6B-4569-921C-40CCDEEFD334}.Debug|Any CPU.ActiveCfg = Debug|Any CPU
		{BB922DFE-1B6B-4569-921C-40CCDEEFD334}.Debug|Any CPU.Build.0 = Debug|Any CPU
		{BB922DFE-1B6B-4569-921C-40CCDEEFD334}.Debug|ARM.ActiveCfg = Debug|Any CPU
		{BB922DFE-1B6B-4569-921C-40CCDEEFD334}.Debug|ARM.Build.0 = Debug|Any CPU
		{BB922DFE-1B6B-4569-921C-40CCDEEFD334}.Debug|iPhone.ActiveCfg = Debug|Any CPU
		{BB922DFE-1B6B-4569-921C-40CCDEEFD334}.Debug|iPhone.Build.0 = Debug|Any CPU
		{BB922DFE-1B6B-4569-921C-40CCDEEFD334}.Debug|iPhoneSimulator.ActiveCfg = Debug|Any CPU
		{BB922DFE-1B6B-4569-921C-40CCDEEFD334}.Debug|iPhoneSimulator.Build.0 = Debug|Any CPU
		{BB922DFE-1B6B-4569-921C-40CCDEEFD334}.Debug|x64.ActiveCfg = Debug|Any CPU
		{BB922DFE-1B6B-4569-921C-40CCDEEFD334}.Debug|x64.Build.0 = Debug|Any CPU
		{BB922DFE-1B6B-4569-921C-40CCDEEFD334}.Debug|x86.ActiveCfg = Debug|Any CPU
		{BB922DFE-1B6B-4569-921C-40CCDEEFD334}.Debug|x86.Build.0 = Debug|Any CPU
		{BB922DFE-1B6B-4569-921C-40CCDEEFD334}.Release|Any CPU.ActiveCfg = Release|Any CPU
		{BB922DFE-1B6B-4569-921C-40CCDEEFD334}.Release|Any CPU.Build.0 = Release|Any CPU
		{BB922DFE-1B6B-4569-921C-40CCDEEFD334}.Release|ARM.ActiveCfg = Release|Any CPU
		{BB922DFE-1B6B-4569-921C-40CCDEEFD334}.Release|ARM.Build.0 = Release|Any CPU
		{BB922DFE-1B6B-4569-921C-40CCDEEFD334}.Release|iPhone.ActiveCfg = Release|Any CPU
		{BB922DFE-1B6B-4569-921C-40CCDEEFD334}.Release|iPhone.Build.0 = Release|Any CPU
		{BB922DFE-1B6B-4569-921C-40CCDEEFD334}.Release|iPhoneSimulator.ActiveCfg = Release|Any CPU
		{BB922DFE-1B6B-4569-921C-40CCDEEFD334}.Release|iPhoneSimulator.Build.0 = Release|Any CPU
		{BB922DFE-1B6B-4569-921C-40CCDEEFD334}.Release|x64.ActiveCfg = Release|Any CPU
		{BB922DFE-1B6B-4569-921C-40CCDEEFD334}.Release|x64.Build.0 = Release|Any CPU
		{BB922DFE-1B6B-4569-921C-40CCDEEFD334}.Release|x86.ActiveCfg = Release|Any CPU
		{BB922DFE-1B6B-4569-921C-40CCDEEFD334}.Release|x86.Build.0 = Release|Any CPU
		{6C2D3EB1-F085-4104-A619-FDC3DC4C7A2C}.Debug|Any CPU.ActiveCfg = Debug|Any CPU
		{6C2D3EB1-F085-4104-A619-FDC3DC4C7A2C}.Debug|Any CPU.Build.0 = Debug|Any CPU
		{6C2D3EB1-F085-4104-A619-FDC3DC4C7A2C}.Debug|ARM.ActiveCfg = Debug|Any CPU
		{6C2D3EB1-F085-4104-A619-FDC3DC4C7A2C}.Debug|ARM.Build.0 = Debug|Any CPU
		{6C2D3EB1-F085-4104-A619-FDC3DC4C7A2C}.Debug|iPhone.ActiveCfg = Debug|Any CPU
		{6C2D3EB1-F085-4104-A619-FDC3DC4C7A2C}.Debug|iPhone.Build.0 = Debug|Any CPU
		{6C2D3EB1-F085-4104-A619-FDC3DC4C7A2C}.Debug|iPhoneSimulator.ActiveCfg = Debug|Any CPU
		{6C2D3EB1-F085-4104-A619-FDC3DC4C7A2C}.Debug|iPhoneSimulator.Build.0 = Debug|Any CPU
		{6C2D3EB1-F085-4104-A619-FDC3DC4C7A2C}.Debug|x64.ActiveCfg = Debug|Any CPU
		{6C2D3EB1-F085-4104-A619-FDC3DC4C7A2C}.Debug|x64.Build.0 = Debug|Any CPU
		{6C2D3EB1-F085-4104-A619-FDC3DC4C7A2C}.Debug|x86.ActiveCfg = Debug|Any CPU
		{6C2D3EB1-F085-4104-A619-FDC3DC4C7A2C}.Debug|x86.Build.0 = Debug|Any CPU
		{6C2D3EB1-F085-4104-A619-FDC3DC4C7A2C}.Release|Any CPU.ActiveCfg = Release|Any CPU
		{6C2D3EB1-F085-4104-A619-FDC3DC4C7A2C}.Release|Any CPU.Build.0 = Release|Any CPU
		{6C2D3EB1-F085-4104-A619-FDC3DC4C7A2C}.Release|ARM.ActiveCfg = Release|Any CPU
		{6C2D3EB1-F085-4104-A619-FDC3DC4C7A2C}.Release|ARM.Build.0 = Release|Any CPU
		{6C2D3EB1-F085-4104-A619-FDC3DC4C7A2C}.Release|iPhone.ActiveCfg = Release|Any CPU
		{6C2D3EB1-F085-4104-A619-FDC3DC4C7A2C}.Release|iPhone.Build.0 = Release|Any CPU
		{6C2D3EB1-F085-4104-A619-FDC3DC4C7A2C}.Release|iPhoneSimulator.ActiveCfg = Release|Any CPU
		{6C2D3EB1-F085-4104-A619-FDC3DC4C7A2C}.Release|iPhoneSimulator.Build.0 = Release|Any CPU
		{6C2D3EB1-F085-4104-A619-FDC3DC4C7A2C}.Release|x64.ActiveCfg = Release|Any CPU
		{6C2D3EB1-F085-4104-A619-FDC3DC4C7A2C}.Release|x64.Build.0 = Release|Any CPU
		{6C2D3EB1-F085-4104-A619-FDC3DC4C7A2C}.Release|x86.ActiveCfg = Release|Any CPU
		{6C2D3EB1-F085-4104-A619-FDC3DC4C7A2C}.Release|x86.Build.0 = Release|Any CPU
	EndGlobalSection
	GlobalSection(SolutionProperties) = preSolution
		HideSolutionNode = FALSE
	EndGlobalSection
	GlobalSection(ExtensibilityGlobals) = postSolution
		SolutionGuid = {D3DCBE1D-286F-428A-B8CF-E861FDA6C808}
	EndGlobalSection
EndGlobal
