
Microsoft Visual Studio Solution File, Format Version 12.00
# Visual Studio Version 17
VisualStudioVersion = 17.7.34003.232
MinimumVisualStudioVersion = 10.0.40219.1
Project("{9A19103F-16F7-4668-BE54-9A1E7A4F7556}") = "ATSManagement", "ATSManagement\ATSManagement.csproj", "{BB922DFE-1B6B-4569-921C-40CCDEEFD334}"
EndProject
Global
	GlobalSection(SolutionConfigurationPlatforms) = preSolution
		Debug|Any CPU = Debug|Any CPU
		Release|Any CPU = Release|Any CPU
	EndGlobalSection
	GlobalSection(ProjectConfigurationPlatforms) = postSolution
		{BB922DFE-1B6B-4569-921C-40CCDEEFD334}.Debug|Any CPU.ActiveCfg = Debug|Any CPU
		{BB922DFE-1B6B-4569-921C-40CCDEEFD334}.Debug|Any CPU.Build.0 = Debug|Any CPU
		{BB922DFE-1B6B-4569-921C-40CCDEEFD334}.Release|Any CPU.ActiveCfg = Release|Any CPU
		{BB922DFE-1B6B-4569-921C-40CCDEEFD334}.Release|Any CPU.Build.0 = Release|Any CPU
	EndGlobalSection
	GlobalSection(SolutionProperties) = preSolution
		HideSolutionNode = FALSE
	EndGlobalSection
	GlobalSection(ExtensibilityGlobals) = postSolution
		SolutionGuid = {D3DCBE1D-286F-428A-B8CF-E861FDA6C808}
	EndGlobalSection
EndGlobal
